
Microsoft Visual Studio Solution File, Format Version 12.00
# Visual Studio Version 16
VisualStudioVersion = 16.0.30011.22
MinimumVisualStudioVersion = 10.0.40219.1
Project("{FAE04EC0-301F-11D3-BF4B-00C04F79EFBC}") = "DoctorsAgenda", "DoctorsAgenda\DoctorsAgenda.csproj", "{C9BC3D8F-73AA-40B4-88A8-9E47270B204B}"
EndProject
Global
	GlobalSection(SolutionConfigurationPlatforms) = preSolution
		Debug|Any CPU = Debug|Any CPU
		Release|Any CPU = Release|Any CPU
	EndGlobalSection
	GlobalSection(ProjectConfigurationPlatforms) = postSolution
		{C9BC3D8F-73AA-40B4-88A8-9E47270B204B}.Debug|Any CPU.ActiveCfg = Debug|Any CPU
		{C9BC3D8F-73AA-40B4-88A8-9E47270B204B}.Debug|Any CPU.Build.0 = Debug|Any CPU
		{C9BC3D8F-73AA-40B4-88A8-9E47270B204B}.Release|Any CPU.ActiveCfg = Release|Any CPU
		{C9BC3D8F-73AA-40B4-88A8-9E47270B204B}.Release|Any CPU.Build.0 = Release|Any CPU
	EndGlobalSection
	GlobalSection(SolutionProperties) = preSolution
		HideSolutionNode = FALSE
	EndGlobalSection
	GlobalSection(ExtensibilityGlobals) = postSolution
		SolutionGuid = {346D39B1-EBC0-4C67-A38B-38AEE3B62A31}
	EndGlobalSection
EndGlobal
